
Microsoft Visual Studio Solution File, Format Version 12.00
# Visual Studio Version 16
VisualStudioVersion = 16.0.31424.327
MinimumVisualStudioVersion = 10.0.40219.1
Project("{FAE04EC0-301F-11D3-BF4B-00C04F79EFBC}") = "money-calc", "money-calc\money-calc.csproj", "{48410A07-0524-455D-B480-D39F1A4BD111}"
EndProject
Global
	GlobalSection(SolutionConfigurationPlatforms) = preSolution
		Debug|Any CPU = Debug|Any CPU
		Release|Any CPU = Release|Any CPU
	EndGlobalSection
	GlobalSection(ProjectConfigurationPlatforms) = postSolution
		{48410A07-0524-455D-B480-D39F1A4BD111}.Debug|Any CPU.ActiveCfg = Debug|Any CPU
		{48410A07-0524-455D-B480-D39F1A4BD111}.Debug|Any CPU.Build.0 = Debug|Any CPU
		{48410A07-0524-455D-B480-D39F1A4BD111}.Release|Any CPU.ActiveCfg = Release|Any CPU
		{48410A07-0524-455D-B480-D39F1A4BD111}.Release|Any CPU.Build.0 = Release|Any CPU
	EndGlobalSection
	GlobalSection(SolutionProperties) = preSolution
		HideSolutionNode = FALSE
	EndGlobalSection
	GlobalSection(ExtensibilityGlobals) = postSolution
		SolutionGuid = {CF794887-6D19-4253-84E4-E96F5340600A}
	EndGlobalSection
EndGlobal
